# This file is automatically @generated by Cargo.
# It is not intended for manual editing.
[[package]]
name = "ascii"
version = "0.9.1"
source = "registry+https://github.com/rust-lang/crates.io-index"
checksum = "a5fc969a8ce2c9c0c4b0429bb8431544f6658283c8326ba5ff8c762b75369335"

[[package]]
name = "autocfg"
version = "0.1.2"
source = "registry+https://github.com/rust-lang/crates.io-index"
checksum = "a6d640bee2da49f60a4068a7fae53acde8982514ab7bae8b8cea9e88cbcfd799"

[[package]]
name = "bitflags"
version = "1.0.4"
source = "registry+https://github.com/rust-lang/crates.io-index"
checksum = "228047a76f468627ca71776ecdebd732a3423081fcf5125585bcd7c49886ce12"

[[package]]
name = "bumpalo"
version = "2.3.0"
source = "registry+https://github.com/rust-lang/crates.io-index"
checksum = "f6a6bc2ba935b1e2f810787ceba8dfe86cbc164cee55925cae715541186673c4"

[[package]]
name = "byteorder"
version = "1.3.1"
source = "registry+https://github.com/rust-lang/crates.io-index"
checksum = "a019b10a2a7cdeb292db131fc8113e57ea2a908f6e7894b0c3c671893b65dbeb"

[[package]]
name = "cesu8"
version = "1.1.0"
source = "registry+https://github.com/rust-lang/crates.io-index"
checksum = "6d43a04d8753f35258c91f8ec639f792891f748a1edbd759cf1dcea3382ad83c"

[[package]]
name = "cfg-if"
version = "0.1.7"
source = "registry+https://github.com/rust-lang/crates.io-index"
checksum = "11d43355396e872eefb45ce6342e4374ed7bc2b3a502d1b28e36d6e23c05d1f4"

[[package]]
name = "cloudabi"
version = "0.0.3"
source = "registry+https://github.com/rust-lang/crates.io-index"
checksum = "ddfc5b9aa5d4507acaf872de71051dfd0e309860e88966e1051e462a077aac4f"
dependencies = [
 "bitflags",
]

[[package]]
name = "combine"
version = "3.8.1"
source = "registry+https://github.com/rust-lang/crates.io-index"
checksum = "da3da6baa321ec19e1cc41d31bf599f00c783d0517095cdaf0332e3fe8d20680"
dependencies = [
 "ascii",
 "byteorder",
 "either",
 "memchr",
 "unreachable",
]

[[package]]
name = "console_error_panic_hook"
version = "0.1.6"
source = "registry+https://github.com/rust-lang/crates.io-index"
checksum = "b8d976903543e0c48546a91908f21588a680a8c8f984df9a5d69feccb2b2a211"
dependencies = [
 "cfg-if",
 "wasm-bindgen",
]

[[package]]
name = "doom"
version = "0.1.0"
dependencies = [
 "cfg-if",
 "console_error_panic_hook",
 "jni",
 "js-sys",
 "rand",
 "wasm-bindgen",
 "wasm-bindgen-test",
 "wee_alloc",
]

[[package]]
name = "either"
version = "1.5.1"
source = "registry+https://github.com/rust-lang/crates.io-index"
checksum = "c67353c641dc847124ea1902d69bd753dee9bb3beff9aa3662ecf86c971d1fac"

[[package]]
name = "error-chain"
version = "0.12.0"
source = "registry+https://github.com/rust-lang/crates.io-index"
checksum = "07e791d3be96241c77c43846b665ef1384606da2cd2a48730abe606a12906e02"

[[package]]
name = "fuchsia-cprng"
version = "0.1.1"
source = "registry+https://github.com/rust-lang/crates.io-index"
checksum = "a06f77d526c1a601b7c4cdd98f54b5eaabffc14d5f2f0296febdc7f357c6d3ba"

[[package]]
name = "futures"
version = "0.1.25"
source = "registry+https://github.com/rust-lang/crates.io-index"
checksum = "49e7653e374fe0d0c12de4250f0bdb60680b8c80eed558c5c7538eec9c89e21b"

[[package]]
name = "jni"
version = "0.11.0"
source = "registry+https://github.com/rust-lang/crates.io-index"
checksum = "294eca097d1dc0bf59de5ab9f7eafa5f77129e9f6464c957ed3ddeb705fb4292"
dependencies = [
 "cesu8",
 "combine",
 "error-chain",
 "jni-sys",
 "log",
 "walkdir",
]

[[package]]
name = "jni-sys"
version = "0.3.0"
source = "registry+https://github.com/rust-lang/crates.io-index"
checksum = "8eaf4bc02d17cbdd7ff4c7438cafcdf7fb9a4613313ad11b4f8fefe7d3fa0130"

[[package]]
name = "js-sys"
version = "0.3.17"
source = "registry+https://github.com/rust-lang/crates.io-index"
checksum = "d4bda84b98977341bb6ba1086ecbd9eab8bc929de0f2923c118baf76c21dd0c8"
dependencies = [
 "wasm-bindgen",
]

[[package]]
name = "lazy_static"
version = "1.3.0"
source = "registry+https://github.com/rust-lang/crates.io-index"
checksum = "bc5729f27f159ddd61f4df6228e827e86643d4d3e7c32183cb30a1c08f604a14"

[[package]]
name = "libc"
version = "0.2.50"
source = "registry+https://github.com/rust-lang/crates.io-index"
checksum = "aab692d7759f5cd8c859e169db98ae5b52c924add2af5fbbca11d12fefb567c1"

[[package]]
name = "log"
version = "0.4.6"
source = "registry+https://github.com/rust-lang/crates.io-index"
checksum = "c84ec4b527950aa83a329754b01dbe3f58361d1c5efacd1f6d68c494d08a17c6"
dependencies = [
 "cfg-if",
]

[[package]]
name = "memchr"
version = "2.2.0"
source = "registry+https://github.com/rust-lang/crates.io-index"
checksum = "2efc7bc57c883d4a4d6e3246905283d8dae951bb3bd32f49d6ef297f546e1c39"

[[package]]
name = "memory_units"
version = "0.4.0"
source = "registry+https://github.com/rust-lang/crates.io-index"
checksum = "8452105ba047068f40ff7093dd1d9da90898e63dd61736462e9cdda6a90ad3c3"

[[package]]
name = "proc-macro2"
version = "0.4.27"
source = "registry+https://github.com/rust-lang/crates.io-index"
checksum = "4d317f9caece796be1980837fd5cb3dfec5613ebdb04ad0956deea83ce168915"
dependencies = [
 "unicode-xid",
]

[[package]]
name = "quote"
version = "0.6.11"
source = "registry+https://github.com/rust-lang/crates.io-index"
checksum = "cdd8e04bd9c52e0342b406469d494fcb033be4bdbe5c606016defbb1681411e1"
dependencies = [
 "proc-macro2",
]

[[package]]
name = "rand"
version = "0.6.5"
source = "registry+https://github.com/rust-lang/crates.io-index"
checksum = "6d71dacdc3c88c1fde3885a3be3fbab9f35724e6ce99467f7d9c5026132184ca"
dependencies = [
 "autocfg",
 "libc",
 "rand_chacha",
 "rand_core 0.4.0",
 "rand_hc",
 "rand_isaac",
 "rand_jitter",
 "rand_os",
 "rand_pcg",
 "rand_xorshift",
 "winapi",
]

[[package]]
name = "rand_chacha"
version = "0.1.1"
source = "registry+https://github.com/rust-lang/crates.io-index"
checksum = "556d3a1ca6600bfcbab7c7c91ccb085ac7fbbcd70e008a98742e7847f4f7bcef"
dependencies = [
 "autocfg",
 "rand_core 0.3.1",
]

[[package]]
name = "rand_core"
version = "0.3.1"
source = "registry+https://github.com/rust-lang/crates.io-index"
checksum = "7a6fdeb83b075e8266dcc8762c22776f6877a63111121f5f8c7411e5be7eed4b"
dependencies = [
 "rand_core 0.4.0",
]

[[package]]
name = "rand_core"
version = "0.4.0"
source = "registry+https://github.com/rust-lang/crates.io-index"
checksum = "d0e7a549d590831370895ab7ba4ea0c1b6b011d106b5ff2da6eee112615e6dc0"

[[package]]
name = "rand_hc"
version = "0.1.0"
source = "registry+https://github.com/rust-lang/crates.io-index"
checksum = "7b40677c7be09ae76218dc623efbf7b18e34bced3f38883af07bb75630a21bc4"
dependencies = [
 "rand_core 0.3.1",
]

[[package]]
name = "rand_isaac"
version = "0.1.1"
source = "registry+https://github.com/rust-lang/crates.io-index"
checksum = "ded997c9d5f13925be2a6fd7e66bf1872597f759fd9dd93513dd7e92e5a5ee08"
dependencies = [
 "rand_core 0.3.1",
]

[[package]]
name = "rand_jitter"
version = "0.1.3"
source = "registry+https://github.com/rust-lang/crates.io-index"
checksum = "7b9ea758282efe12823e0d952ddb269d2e1897227e464919a554f2a03ef1b832"
dependencies = [
 "libc",
 "rand_core 0.4.0",
 "winapi",
]

[[package]]
name = "rand_os"
version = "0.1.3"
source = "registry+https://github.com/rust-lang/crates.io-index"
checksum = "7b75f676a1e053fc562eafbb47838d67c84801e38fc1ba459e8f180deabd5071"
dependencies = [
 "cloudabi",
 "fuchsia-cprng",
 "libc",
 "rand_core 0.4.0",
 "rdrand",
 "winapi",
]

[[package]]
name = "rand_pcg"
version = "0.1.2"
source = "registry+https://github.com/rust-lang/crates.io-index"
checksum = "abf9b09b01790cfe0364f52bf32995ea3c39f4d2dd011eac241d2914146d0b44"
dependencies = [
 "autocfg",
 "rand_core 0.4.0",
]

[[package]]
name = "rand_xorshift"
version = "0.1.1"
source = "registry+https://github.com/rust-lang/crates.io-index"
checksum = "cbf7e9e623549b0e21f6e97cf8ecf247c1a8fd2e8a992ae265314300b2455d5c"
dependencies = [
 "rand_core 0.3.1",
]

[[package]]
name = "rdrand"
version = "0.4.0"
source = "registry+https://github.com/rust-lang/crates.io-index"
checksum = "678054eb77286b51581ba43620cc911abf02758c91f93f479767aed0f90458b2"
dependencies = [
 "rand_core 0.3.1",
]

[[package]]
name = "same-file"
version = "1.0.4"
source = "registry+https://github.com/rust-lang/crates.io-index"
checksum = "8f20c4be53a8a1ff4c1f1b2bd14570d2f634628709752f0702ecdd2b3f9a5267"
dependencies = [
 "winapi-util",
]

[[package]]
name = "scoped-tls"
version = "1.0.0"
source = "registry+https://github.com/rust-lang/crates.io-index"
checksum = "ea6a9290e3c9cf0f18145ef7ffa62d68ee0bf5fcd651017e586dc7fd5da448c2"

[[package]]
name = "syn"
version = "0.15.29"
source = "registry+https://github.com/rust-lang/crates.io-index"
checksum = "1825685f977249735d510a242a6727b46efe914bb67e38d30c071b1b72b1d5c2"
dependencies = [
 "proc-macro2",
 "quote",
 "unicode-xid",
]

[[package]]
name = "unicode-xid"
version = "0.1.0"
source = "registry+https://github.com/rust-lang/crates.io-index"
checksum = "fc72304796d0818e357ead4e000d19c9c174ab23dc11093ac919054d20a6a7fc"

[[package]]
name = "unreachable"
version = "1.0.0"
source = "registry+https://github.com/rust-lang/crates.io-index"
checksum = "382810877fe448991dfc7f0dd6e3ae5d58088fd0ea5e35189655f84e6814fa56"
dependencies = [
 "void",
]

[[package]]
name = "void"
version = "1.0.2"
source = "registry+https://github.com/rust-lang/crates.io-index"
checksum = "6a02e4885ed3bc0f2de90ea6dd45ebcbb66dacffe03547fadbb0eeae2770887d"

[[package]]
name = "walkdir"
version = "2.2.7"
source = "registry+https://github.com/rust-lang/crates.io-index"
checksum = "9d9d7ed3431229a144296213105a390676cc49c9b6a72bd19f3176c98e129fa1"
dependencies = [
 "same-file",
 "winapi",
 "winapi-util",
]

[[package]]
name = "wasm-bindgen"
version = "0.2.40"
source = "registry+https://github.com/rust-lang/crates.io-index"
checksum = "9742fc4860f47bede1090a5e4b0cfc33afcd70cfdf45dd28f2cfb02d4662b0dd"
dependencies = [
 "wasm-bindgen-macro",
]

[[package]]
name = "wasm-bindgen-backend"
version = "0.2.40"
source = "registry+https://github.com/rust-lang/crates.io-index"
checksum = "c6d7f35ecbb4180513cdb9b298543321bcb278670730415cbb3205ff2c66a477"
dependencies = [
 "bumpalo",
 "lazy_static",
 "log",
 "proc-macro2",
 "quote",
 "syn",
 "wasm-bindgen-shared",
]

[[package]]
name = "wasm-bindgen-futures"
version = "0.3.17"
source = "registry+https://github.com/rust-lang/crates.io-index"
checksum = "67bfbec85e48e8915b6acfa1c4d90b770ce033c96dc2067688f3bccd00d3b9e1"
dependencies = [
 "futures",
 "js-sys",
 "wasm-bindgen",
]

[[package]]
name = "wasm-bindgen-macro"
version = "0.2.40"
source = "registry+https://github.com/rust-lang/crates.io-index"
checksum = "e3c86b06bcd28e92e87d2c2ad208889b2f69ea33f79810b91ef660cc3de65a4c"
dependencies = [
 "quote",
 "wasm-bindgen-macro-support",
]

[[package]]
name = "wasm-bindgen-macro-support"
version = "0.2.40"
source = "registry+https://github.com/rust-lang/crates.io-index"
checksum = "81d7338dd8c67e193d8ef18e5802dc03d8710456baa792c1c2e66847e57fd389"
dependencies = [
 "proc-macro2",
 "quote",
 "syn",
 "wasm-bindgen-backend",
 "wasm-bindgen-shared",
]

[[package]]
name = "wasm-bindgen-shared"
version = "0.2.40"
source = "registry+https://github.com/rust-lang/crates.io-index"
checksum = "0d57c3b66f2f3e4d96b50f49b7b7e2f4cfcddc88b15744433c98c5c105b26672"

[[package]]
name = "wasm-bindgen-test"
version = "0.2.40"
source = "registry+https://github.com/rust-lang/crates.io-index"
checksum = "85bbc3ad78a8d59a63a02d59345e8da9a3e0c1617f79e77fd1c3da6e047db63e"
dependencies = [
 "console_error_panic_hook",
 "futures",
 "js-sys",
 "scoped-tls",
 "wasm-bindgen",
 "wasm-bindgen-futures",
 "wasm-bindgen-test-macro",
]

[[package]]
name = "wasm-bindgen-test-macro"
version = "0.2.40"
source = "registry+https://github.com/rust-lang/crates.io-index"
checksum = "114dfdf01bd3659dd79db05480fbd2751759d1c79cd9edc22f2fe611c866e932"
dependencies = [
 "proc-macro2",
 "quote",
]

[[package]]
name = "wee_alloc"
version = "0.4.3"
source = "registry+https://github.com/rust-lang/crates.io-index"
checksum = "e841fed992c6c70cf2af5dbcffb0d988b1a7ffc5177ae4fb714ed14944b39d0a"
dependencies = [
 "cfg-if",
 "libc",
 "memory_units",
 "unreachable",
 "winapi",
]

[[package]]
name = "winapi"
version = "0.3.6"
source = "registry+https://github.com/rust-lang/crates.io-index"
checksum = "92c1eb33641e276cfa214a0522acad57be5c56b10cb348b3c5117db75f3ac4b0"
dependencies = [
 "winapi-i686-pc-windows-gnu",
 "winapi-x86_64-pc-windows-gnu",
]

[[package]]
name = "winapi-i686-pc-windows-gnu"
version = "0.4.0"
source = "registry+https://github.com/rust-lang/crates.io-index"
checksum = "ac3b87c63620426dd9b991e5ce0329eff545bccbbb34f3be09ff6fb6ab51b7b6"

[[package]]
name = "winapi-util"
version = "0.1.2"
source = "registry+https://github.com/rust-lang/crates.io-index"
checksum = "7168bab6e1daee33b4557efd0e95d5ca70a03706d39fa5f3fe7a236f584b03c9"
dependencies = [
 "winapi",
]

[[package]]
name = "winapi-x86_64-pc-windows-gnu"
version = "0.4.0"
source = "registry+https://github.com/rust-lang/crates.io-index"
checksum = "712e227841d057c1ee1cd2fb22fa7e5a5461ae8e48fa2ca79ec42cfc1931183f"
